// !$*UTF8*$!
{
	archiveVersion = 1;
	classes = {
	};
	objectVersion = 50;
	objects = {

/* Begin PBXBuildFile section */
		472DFA3626A87184004EB2E9 /* GithubEndPoint.swift in Sources */ = {isa = PBXBuildFile; fileRef = 472DFA3526A87184004EB2E9 /* GithubEndPoint.swift */; };
		472DFA3D26A87211004EB2E9 /* Follower.swift in Sources */ = {isa = PBXBuildFile; fileRef = 472DFA3C26A87211004EB2E9 /* Follower.swift */; };
		47AEA42126A71C3A00D68B76 /* AppDelegate.swift in Sources */ = {isa = PBXBuildFile; fileRef = 47AEA42026A71C3A00D68B76 /* AppDelegate.swift */; };
		47AEA42326A71C3A00D68B76 /* SceneDelegate.swift in Sources */ = {isa = PBXBuildFile; fileRef = 47AEA42226A71C3A00D68B76 /* SceneDelegate.swift */; };
		47AEA42526A71C3A00D68B76 /* ViewController.swift in Sources */ = {isa = PBXBuildFile; fileRef = 47AEA42426A71C3A00D68B76 /* ViewController.swift */; };
		47AEA42826A71C3A00D68B76 /* Main.storyboard in Resources */ = {isa = PBXBuildFile; fileRef = 47AEA42626A71C3A00D68B76 /* Main.storyboard */; };
		47AEA42A26A71C3B00D68B76 /* Assets.xcassets in Resources */ = {isa = PBXBuildFile; fileRef = 47AEA42926A71C3B00D68B76 /* Assets.xcassets */; };
		47AEA42D26A71C3B00D68B76 /* LaunchScreen.storyboard in Resources */ = {isa = PBXBuildFile; fileRef = 47AEA42B26A71C3B00D68B76 /* LaunchScreen.storyboard */; };
		47AEA43C26A71EC000D68B76 /* MainTableViewCell.swift in Sources */ = {isa = PBXBuildFile; fileRef = 47AEA43B26A71EC000D68B76 /* MainTableViewCell.swift */; };
		47AEA44026A7204000D68B76 /* NetworkManager.swift in Sources */ = {isa = PBXBuildFile; fileRef = 47AEA43F26A7204000D68B76 /* NetworkManager.swift */; };
/* End PBXBuildFile section */

/* Begin PBXFileReference section */
		472DFA3526A87184004EB2E9 /* GithubEndPoint.swift */ = {isa = PBXFileReference; lastKnownFileType = sourcecode.swift; path = GithubEndPoint.swift; sourceTree = "<group>"; };
		472DFA3C26A87211004EB2E9 /* Follower.swift */ = {isa = PBXFileReference; lastKnownFileType = sourcecode.swift; path = Follower.swift; sourceTree = "<group>"; };
		47AEA41D26A71C3A00D68B76 /* Combine Intro.app */ = {isa = PBXFileReference; explicitFileType = wrapper.application; includeInIndex = 0; path = "Combine Intro.app"; sourceTree = BUILT_PRODUCTS_DIR; };
		47AEA42026A71C3A00D68B76 /* AppDelegate.swift */ = {isa = PBXFileReference; lastKnownFileType = sourcecode.swift; path = AppDelegate.swift; sourceTree = "<group>"; };
		47AEA42226A71C3A00D68B76 /* SceneDelegate.swift */ = {isa = PBXFileReference; lastKnownFileType = sourcecode.swift; path = SceneDelegate.swift; sourceTree = "<group>"; };
		47AEA42426A71C3A00D68B76 /* ViewController.swift */ = {isa = PBXFileReference; lastKnownFileType = sourcecode.swift; path = ViewController.swift; sourceTree = "<group>"; };
		47AEA42726A71C3A00D68B76 /* Base */ = {isa = PBXFileReference; lastKnownFileType = file.storyboard; name = Base; path = Base.lproj/Main.storyboard; sourceTree = "<group>"; };
		47AEA42926A71C3B00D68B76 /* Assets.xcassets */ = {isa = PBXFileReference; lastKnownFileType = folder.assetcatalog; path = Assets.xcassets; sourceTree = "<group>"; };
		47AEA42C26A71C3B00D68B76 /* Base */ = {isa = PBXFileReference; lastKnownFileType = file.storyboard; name = Base; path = Base.lproj/LaunchScreen.storyboard; sourceTree = "<group>"; };
		47AEA42E26A71C3B00D68B76 /* Info.plist */ = {isa = PBXFileReference; lastKnownFileType = text.plist.xml; path = Info.plist; sourceTree = "<group>"; };
		47AEA43B26A71EC000D68B76 /* MainTableViewCell.swift */ = {isa = PBXFileReference; lastKnownFileType = sourcecode.swift; path = MainTableViewCell.swift; sourceTree = "<group>"; };
		47AEA43F26A7204000D68B76 /* NetworkManager.swift */ = {isa = PBXFileReference; lastKnownFileType = sourcecode.swift; path = NetworkManager.swift; sourceTree = "<group>"; };
/* End PBXFileReference section */

/* Begin PBXFrameworksBuildPhase section */
		47AEA41A26A71C3A00D68B76 /* Frameworks */ = {
			isa = PBXFrameworksBuildPhase;
			buildActionMask = 2147483647;
			files = (
			);
			runOnlyForDeploymentPostprocessing = 0;
		};
/* End PBXFrameworksBuildPhase section */

/* Begin PBXGroup section */
		47AEA41426A71C3A00D68B76 = {
			isa = PBXGroup;
			children = (
				47AEA41F26A71C3A00D68B76 /* Combine Intro */,
				47AEA41E26A71C3A00D68B76 /* Products */,
			);
			sourceTree = "<group>";
		};
		47AEA41E26A71C3A00D68B76 /* Products */ = {
			isa = PBXGroup;
			children = (
				47AEA41D26A71C3A00D68B76 /* Combine Intro.app */,
			);
			name = Products;
			sourceTree = "<group>";
		};
		47AEA41F26A71C3A00D68B76 /* Combine Intro */ = {
			isa = PBXGroup;
			children = (
				47AEA43526A71DD000D68B76 /* Models */,
				47AEA43626A71DDB00D68B76 /* Scenes */,
				47AEA43E26A7203000D68B76 /* Mangers */,
				47AEA43826A71DF800D68B76 /* Support Files */,
			);
			path = "Combine Intro";
			sourceTree = "<group>";
		};
		47AEA43526A71DD000D68B76 /* Models */ = {
			isa = PBXGroup;
			children = (
				472DFA3C26A87211004EB2E9 /* Follower.swift */,
			);
			path = Models;
			sourceTree = "<group>";
		};
		47AEA43626A71DDB00D68B76 /* Scenes */ = {
			isa = PBXGroup;
			children = (
				47AEA43726A71DE900D68B76 /* Main */,
			);
			path = Scenes;
			sourceTree = "<group>";
		};
		47AEA43726A71DE900D68B76 /* Main */ = {
			isa = PBXGroup;
			children = (
				47AEA43A26A71E9F00D68B76 /* Cells */,
				47AEA42426A71C3A00D68B76 /* ViewController.swift */,
				47AEA42626A71C3A00D68B76 /* Main.storyboard */,
			);
			path = Main;
			sourceTree = "<group>";
		};
		47AEA43826A71DF800D68B76 /* Support Files */ = {
			isa = PBXGroup;
			children = (
				47AEA42026A71C3A00D68B76 /* AppDelegate.swift */,
				47AEA42226A71C3A00D68B76 /* SceneDelegate.swift */,
				47AEA42926A71C3B00D68B76 /* Assets.xcassets */,
				47AEA42B26A71C3B00D68B76 /* LaunchScreen.storyboard */,
				47AEA42E26A71C3B00D68B76 /* Info.plist */,
			);
			name = "Support Files";
			sourceTree = "<group>";
		};
		47AEA43A26A71E9F00D68B76 /* Cells */ = {
			isa = PBXGroup;
			children = (
				47AEA43B26A71EC000D68B76 /* MainTableViewCell.swift */,
			);
			path = Cells;
			sourceTree = "<group>";
		};
		47AEA43E26A7203000D68B76 /* Mangers */ = {
			isa = PBXGroup;
			children = (
				47AEA43F26A7204000D68B76 /* NetworkManager.swift */,
				472DFA3526A87184004EB2E9 /* GithubEndPoint.swift */,
			);
			path = Mangers;
			sourceTree = "<group>";
		};
/* End PBXGroup section */

/* Begin PBXNativeTarget section */
		47AEA41C26A71C3A00D68B76 /* Combine Intro */ = {
			isa = PBXNativeTarget;
			buildConfigurationList = 47AEA43126A71C3B00D68B76 /* Build configuration list for PBXNativeTarget "Combine Intro" */;
			buildPhases = (
				47AEA41926A71C3A00D68B76 /* Sources */,
				47AEA41A26A71C3A00D68B76 /* Frameworks */,
				47AEA41B26A71C3A00D68B76 /* Resources */,
			);
			buildRules = (
			);
			dependencies = (
			);
			name = "Combine Intro";
			productName = "Combine Intro";
			productReference = 47AEA41D26A71C3A00D68B76 /* Combine Intro.app */;
			productType = "com.apple.product-type.application";
		};
/* End PBXNativeTarget section */

/* Begin PBXProject section */
		47AEA41526A71C3A00D68B76 /* Project object */ = {
			isa = PBXProject;
			attributes = {
				LastSwiftUpdateCheck = 1240;
				LastUpgradeCheck = 1240;
				TargetAttributes = {
					47AEA41C26A71C3A00D68B76 = {
						CreatedOnToolsVersion = 12.4;
					};
				};
			};
			buildConfigurationList = 47AEA41826A71C3A00D68B76 /* Build configuration list for PBXProject "Combine Intro" */;
			compatibilityVersion = "Xcode 9.3";
			developmentRegion = en;
			hasScannedForEncodings = 0;
			knownRegions = (
				en,
				Base,
			);
			mainGroup = 47AEA41426A71C3A00D68B76;
			productRefGroup = 47AEA41E26A71C3A00D68B76 /* Products */;
			projectDirPath = "";
			projectRoot = "";
			targets = (
				47AEA41C26A71C3A00D68B76 /* Combine Intro */,
			);
		};
/* End PBXProject section */

/* Begin PBXResourcesBuildPhase section */
		47AEA41B26A71C3A00D68B76 /* Resources */ = {
			isa = PBXResourcesBuildPhase;
			buildActionMask = 2147483647;
			files = (
				47AEA42D26A71C3B00D68B76 /* LaunchScreen.storyboard in Resources */,
				47AEA42A26A71C3B00D68B76 /* Assets.xcassets in Resources */,
				47AEA42826A71C3A00D68B76 /* Main.storyboard in Resources */,
			);
			runOnlyForDeploymentPostprocessing = 0;
		};
/* End PBXResourcesBuildPhase section */

/* Begin PBXSourcesBuildPhase section */
		47AEA41926A71C3A00D68B76 /* Sources */ = {
			isa = PBXSourcesBuildPhase;
			buildActionMask = 2147483647;
			files = (
				47AEA42526A71C3A00D68B76 /* ViewController.swift in Sources */,
				472DFA3D26A87211004EB2E9 /* Follower.swift in Sources */,
				47AEA42126A71C3A00D68B76 /* AppDelegate.swift in Sources */,
				47AEA44026A7204000D68B76 /* NetworkManager.swift in Sources */,
				47AEA43C26A71EC000D68B76 /* MainTableViewCell.swift in Sources */,
				47AEA42326A71C3A00D68B76 /* SceneDelegate.swift in Sources */,
				472DFA3626A87184004EB2E9 /* GithubEndPoint.swift in Sources */,
			);
			runOnlyForDeploymentPostprocessing = 0;
		};
/* End PBXSourcesBuildPhase section */

/* Begin PBXVariantGroup section */
		47AEA42626A71C3A00D68B76 /* Main.storyboard */ = {
			isa = PBXVariantGroup;
			children = (
				47AEA42726A71C3A00D68B76 /* Base */,
			);
			name = Main.storyboard;
			sourceTree = "<group>";
		};
		47AEA42B26A71C3B00D68B76 /* LaunchScreen.storyboard */ = {
			isa = PBXVariantGroup;
			children = (
				47AEA42C26A71C3B00D68B76 /* Base */,
			);
			name = LaunchScreen.storyboard;
			sourceTree = "<group>";
		};
/* End PBXVariantGroup section */

/* Begin XCBuildConfiguration section */
		47AEA42F26A71C3B00D68B76 /* Debug */ = {
			isa = XCBuildConfiguration;
			buildSettings = {
				ALWAYS_SEARCH_USER_PATHS = NO;
				CLANG_ANALYZER_NONNULL = YES;
				CLANG_ANALYZER_NUMBER_OBJECT_CONVERSION = YES_AGGRESSIVE;
				CLANG_CXX_LANGUAGE_STANDARD = "gnu++14";
				CLANG_CXX_LIBRARY = "libc++";
				CLANG_ENABLE_MODULES = YES;
				CLANG_ENABLE_OBJC_ARC = YES;
				CLANG_ENABLE_OBJC_WEAK = YES;
				CLANG_WARN_BLOCK_CAPTURE_AUTORELEASING = YES;
				CLANG_WARN_BOOL_CONVERSION = YES;
				CLANG_WARN_COMMA = YES;
				CLANG_WARN_CONSTANT_CONVERSION = YES;
				CLANG_WARN_DEPRECATED_OBJC_IMPLEMENTATIONS = YES;
				CLANG_WARN_DIRECT_OBJC_ISA_USAGE = YES_ERROR;
				CLANG_WARN_DOCUMENTATION_COMMENTS = YES;
				CLANG_WARN_EMPTY_BODY = YES;
				CLANG_WARN_ENUM_CONVERSION = YES;
				CLANG_WARN_INFINITE_RECURSION = YES;
				CLANG_WARN_INT_CONVERSION = YES;
				CLANG_WARN_NON_LITERAL_NULL_CONVERSION = YES;
				CLANG_WARN_OBJC_IMPLICIT_RETAIN_SELF = YES;
				CLANG_WARN_OBJC_LITERAL_CONVERSION = YES;
				CLANG_WARN_OBJC_ROOT_CLASS = YES_ERROR;
				CLANG_WARN_QUOTED_INCLUDE_IN_FRAMEWORK_HEADER = YES;
				CLANG_WARN_RANGE_LOOP_ANALYSIS = YES;
				CLANG_WARN_STRICT_PROTOTYPES = YES;
				CLANG_WARN_SUSPICIOUS_MOVE = YES;
				CLANG_WARN_UNGUARDED_AVAILABILITY = YES_AGGRESSIVE;
				CLANG_WARN_UNREACHABLE_CODE = YES;
				CLANG_WARN__DUPLICATE_METHOD_MATCH = YES;
				COPY_PHASE_STRIP = NO;
				DEBUG_INFORMATION_FORMAT = dwarf;
				ENABLE_STRICT_OBJC_MSGSEND = YES;
				ENABLE_TESTABILITY = YES;
				GCC_C_LANGUAGE_STANDARD = gnu11;
				GCC_DYNAMIC_NO_PIC = NO;
				GCC_NO_COMMON_BLOCKS = YES;
				GCC_OPTIMIZATION_LEVEL = 0;
				GCC_PREPROCESSOR_DEFINITIONS = (
					"DEBUG=1",
					"$(inherited)",
				);
				GCC_WARN_64_TO_32_BIT_CONVERSION = YES;
				GCC_WARN_ABOUT_RETURN_TYPE = YES_ERROR;
				GCC_WARN_UNDECLARED_SELECTOR = YES;
				GCC_WARN_UNINITIALIZED_AUTOS = YES_AGGRESSIVE;
				GCC_WARN_UNUSED_FUNCTION = YES;
				GCC_WARN_UNUSED_VARIABLE = YES;
				IPHONEOS_DEPLOYMENT_TARGET = 14.4;
				MTL_ENABLE_DEBUG_INFO = INCLUDE_SOURCE;
				MTL_FAST_MATH = YES;
				ONLY_ACTIVE_ARCH = YES;
				SDKROOT = iphoneos;
				SWIFT_ACTIVE_COMPILATION_CONDITIONS = DEBUG;
				SWIFT_OPTIMIZATION_LEVEL = "-Onone";
			};
			name = Debug;
		};
		47AEA43026A71C3B00D68B76 /* Release */ = {
			isa = XCBuildConfiguration;
			buildSettings = {
				ALWAYS_SEARCH_USER_PATHS = NO;
				CLANG_ANALYZER_NONNULL = YES;
				CLANG_ANALYZER_NUMBER_OBJECT_CONVERSION = YES_AGGRESSIVE;
				CLANG_CXX_LANGUAGE_STANDARD = "gnu++14";
				CLANG_CXX_LIBRARY = "libc++";
				CLANG_ENABLE_MODULES = YES;
				CLANG_ENABLE_OBJC_ARC = YES;
				CLANG_ENABLE_OBJC_WEAK = YES;
				CLANG_WARN_BLOCK_CAPTURE_AUTORELEASING = YES;
				CLANG_WARN_BOOL_CONVERSION = YES;
				CLANG_WARN_COMMA = YES;
				CLANG_WARN_CONSTANT_CONVERSION = YES;
				CLANG_WARN_DEPRECATED_OBJC_IMPLEMENTATIONS = YES;
				CLANG_WARN_DIRECT_OBJC_ISA_USAGE = YES_ERROR;
				CLANG_WARN_DOCUMENTATION_COMMENTS = YES;
				CLANG_WARN_EMPTY_BODY = YES;
				CLANG_WARN_ENUM_CONVERSION = YES;
				CLANG_WARN_INFINITE_RECURSION = YES;
				CLANG_WARN_INT_CONVERSION = YES;
				CLANG_WARN_NON_LITERAL_NULL_CONVERSION = YES;
				CLANG_WARN_OBJC_IMPLICIT_RETAIN_SELF = YES;
				CLANG_WARN_OBJC_LITERAL_CONVERSION = YES;
				CLANG_WARN_OBJC_ROOT_CLASS = YES_ERROR;
				CLANG_WARN_QUOTED_INCLUDE_IN_FRAMEWORK_HEADER = YES;
				CLANG_WARN_RANGE_LOOP_ANALYSIS = YES;
				CLANG_WARN_STRICT_PROTOTYPES = YES;
				CLANG_WARN_SUSPICIOUS_MOVE = YES;
				CLANG_WARN_UNGUARDED_AVAILABILITY = YES_AGGRESSIVE;
				CLANG_WARN_UNREACHABLE_CODE = YES;
				CLANG_WARN__DUPLICATE_METHOD_MATCH = YES;
				COPY_PHASE_STRIP = NO;
				DEBUG_INFORMATION_FORMAT = "dwarf-with-dsym";
				ENABLE_NS_ASSERTIONS = NO;
				ENABLE_STRICT_OBJC_MSGSEND = YES;
				GCC_C_LANGUAGE_STANDARD = gnu11;
				GCC_NO_COMMON_BLOCKS = YES;
				GCC_WARN_64_TO_32_BIT_CONVERSION = YES;
				GCC_WARN_ABOUT_RETURN_TYPE = YES_ERROR;
				GCC_WARN_UNDECLARED_SELECTOR = YES;
				GCC_WARN_UNINITIALIZED_AUTOS = YES_AGGRESSIVE;
				GCC_WARN_UNUSED_FUNCTION = YES;
				GCC_WARN_UNUSED_VARIABLE = YES;
				IPHONEOS_DEPLOYMENT_TARGET = 14.4;
				MTL_ENABLE_DEBUG_INFO = NO;
				MTL_FAST_MATH = YES;
				SDKROOT = iphoneos;
				SWIFT_COMPILATION_MODE = wholemodule;
				SWIFT_OPTIMIZATION_LEVEL = "-O";
				VALIDATE_PRODUCT = YES;
			};
			name = Release;
		};
		47AEA43226A71C3B00D68B76 /* Debug */ = {
			isa = XCBuildConfiguration;
			buildSettings = {
				ASSETCATALOG_COMPILER_APPICON_NAME = AppIcon;
				ASSETCATALOG_COMPILER_GLOBAL_ACCENT_COLOR_NAME = AccentColor;
				CODE_SIGN_STYLE = Automatic;
				DEVELOPMENT_TEAM = 7BXSU3YQGA;
				INFOPLIST_FILE = "Combine Intro/Info.plist";
				LD_RUNPATH_SEARCH_PATHS = (
					"$(inherited)",
					"@executable_path/Frameworks",
				);
				PRODUCT_BUNDLE_IDENTIFIER = "com.castleCode.Combine-Intro";
				PRODUCT_NAME = "$(TARGET_NAME)";
				SWIFT_VERSION = 5.0;
				TARGETED_DEVICE_FAMILY = "1,2";
			};
			name = Debug;
		};
		47AEA43326A71C3B00D68B76 /* Release */ = {
			isa = XCBuildConfiguration;
			buildSettings = {
				ASSETCATALOG_COMPILER_APPICON_NAME = AppIcon;
				ASSETCATALOG_COMPILER_GLOBAL_ACCENT_COLOR_NAME = AccentColor;
				CODE_SIGN_STYLE = Automatic;
				DEVELOPMENT_TEAM = 7BXSU3YQGA;
				INFOPLIST_FILE = "Combine Intro/Info.plist";
				LD_RUNPATH_SEARCH_PATHS = (
					"$(inherited)",
					"@executable_path/Frameworks",
				);
				PRODUCT_BUNDLE_IDENTIFIER = "com.castleCode.Combine-Intro";
				PRODUCT_NAME = "$(TARGET_NAME)";
				SWIFT_VERSION = 5.0;
				TARGETED_DEVICE_FAMILY = "1,2";
			};
			name = Release;
		};
/* End XCBuildConfiguration section */

/* Begin XCConfigurationList section */
		47AEA41826A71C3A00D68B76 /* Build configuration list for PBXProject "Combine Intro" */ = {
			isa = XCConfigurationList;
			buildConfigurations = (
				47AEA42F26A71C3B00D68B76 /* Debug */,
				47AEA43026A71C3B00D68B76 /* Release */,
			);
			defaultConfigurationIsVisible = 0;
			defaultConfigurationName = Release;
		};
		47AEA43126A71C3B00D68B76 /* Build configuration list for PBXNativeTarget "Combine Intro" */ = {
			isa = XCConfigurationList;
			buildConfigurations = (
				47AEA43226A71C3B00D68B76 /* Debug */,
				47AEA43326A71C3B00D68B76 /* Release */,
			);
			defaultConfigurationIsVisible = 0;
			defaultConfigurationName = Release;
		};
/* End XCConfigurationList section */
	};
	rootObject = 47AEA41526A71C3A00D68B76 /* Project object */;
}
